
Microsoft Visual Studio Solution File, Format Version 12.00
# Visual Studio Version 17
VisualStudioVersion = 17.5.33516.290
MinimumVisualStudioVersion = 10.0.40219.1
Project("{FAE04EC0-301F-11D3-BF4B-00C04F79EFBC}") = "Semibot.Console", "Semibot.Console\Semibot.Console.csproj", "{EDF612C6-CA6A-4CDE-AF3C-A2DA0490D080}"
EndProject
Global
	GlobalSection(SolutionConfigurationPlatforms) = preSolution
		Debug|Any CPU = Debug|Any CPU
		Release|Any CPU = Release|Any CPU
	EndGlobalSection
	GlobalSection(ProjectConfigurationPlatforms) = postSolution
		{EDF612C6-CA6A-4CDE-AF3C-A2DA0490D080}.Debug|Any CPU.ActiveCfg = Debug|Any CPU
		{EDF612C6-CA6A-4CDE-AF3C-A2DA0490D080}.Debug|Any CPU.Build.0 = Debug|Any CPU
		{EDF612C6-CA6A-4CDE-AF3C-A2DA0490D080}.Release|Any CPU.ActiveCfg = Release|Any CPU
		{EDF612C6-CA6A-4CDE-AF3C-A2DA0490D080}.Release|Any CPU.Build.0 = Release|Any CPU
	EndGlobalSection
	GlobalSection(SolutionProperties) = preSolution
		HideSolutionNode = FALSE
	EndGlobalSection
	GlobalSection(ExtensibilityGlobals) = postSolution
		SolutionGuid = {AAF038B1-62F6-4F88-AD3A-2C1B50A2370B}
	EndGlobalSection
EndGlobal
